{
  "name": "huggin",
  "version": "1.0.0",
  "lockfileVersion": 3,
  "requires": true,
  "packages": {
    "": {
      "name": "huggin",
      "version": "1.0.0",
      "license": "ISC",
      "dependencies": {
        "@huggingface/agents": "^0.0.5",
        "@huggingface/hub": "^0.8.4",
        "@huggingface/inference": "^2.6.1",
        "dotenv": "^16.3.1"
      }
    },
    "node_modules/@huggingface/agents": {
      "version": "0.0.5",
      "resolved": "https://registry.npmjs.org/@huggingface/agents/-/agents-0.0.5.tgz",
      "integrity": "sha512-h3mutXX0sFg4o9ZDHh3gzsF+qydcrTW9MVll2g/IVrNiQ0pSfXZqOQPRnfd85XU49buY3Zd1oHUDI0Bz8PznJw==",
      "dependencies": {
        "@huggingface/inference": "^2.6.1"
      },
      "engines": {
        "node": ">=18"
      }
    },
    "node_modules/@huggingface/hub": {
      "version": "0.8.4",
      "resolved": "https://registry.npmjs.org/@huggingface/hub/-/hub-0.8.4.tgz",
      "integrity": "sha512-171USyFhbNdZy/mfWTQYRQia9czjfkcV/9TA/QoCVD702659dmIfvnYQMmLuDnTDSVSMZE8xzkZaA9qX0c4ioQ==",
      "dependencies": {
        "hash-wasm": "^4.9.0"
      },
      "engines": {
        "node": ">=18"
      }
    },
    "node_modules/@huggingface/inference": {
      "version": "2.6.1",
      "resolved": "https://registry.npmjs.org/@huggingface/inference/-/inference-2.6.1.tgz",
      "integrity": "sha512-qFYchgOCPeEkZJKiSr7Kz62QwukJtgkeQCT7Q0SSKUcvHpTQVNJp6i/JrJMR4dBdzQysJ1SZDC0pLBBnnskTag==",
      "engines": {
        "node": ">=18"
      }
    },
    "node_modules/dotenv": {
      "version": "16.3.1",
      "resolved": "https://registry.npmjs.org/dotenv/-/dotenv-16.3.1.tgz",
      "integrity": "sha512-IPzF4w4/Rd94bA9imS68tZBaYyBWSCE47V1RGuMrB94iyTOIEwRmVL2x/4An+6mETpLrKJ5hQkB8W4kFAadeIQ==",
      "engines": {
        "node": ">=12"
      },
      "funding": {
        "url": "https://github.com/motdotla/dotenv?sponsor=1"
      }
    },
    "node_modules/hash-wasm": {
      "version": "4.9.0",
      "resolved": "https://registry.npmjs.org/hash-wasm/-/hash-wasm-4.9.0.tgz",
      "integrity": "sha512-7SW7ejyfnRxuOc7ptQHSf4LDoZaWOivfzqw+5rpcQku0nHfmicPKE51ra9BiRLAmT8+gGLestr1XroUkqdjL6w=="
    }
  }
}
